
Microsoft Visual Studio Solution File, Format Version 12.00
# Visual Studio Version 17
VisualStudioVersion = 17.14.37216.2 d17.14
MinimumVisualStudioVersion = 10.0.40219.1
Project("{FAE04EC0-301F-11D3-BF4B-00C04F79EFBC}") = "IdeaCenterApiTests", "TestProject1\IdeaCenterApiTests.csproj", "{71E8E4BD-257E-4AC3-A467-A255F8696E8A}"
EndProject
Global
	GlobalSection(SolutionConfigurationPlatforms) = preSolution
		Debug|Any CPU = Debug|Any CPU
		Release|Any CPU = Release|Any CPU
	EndGlobalSection
	GlobalSection(ProjectConfigurationPlatforms) = postSolution
		{71E8E4BD-257E-4AC3-A467-A255F8696E8A}.Debug|Any CPU.ActiveCfg = Debug|Any CPU
		{71E8E4BD-257E-4AC3-A467-A255F8696E8A}.Debug|Any CPU.Build.0 = Debug|Any CPU
		{71E8E4BD-257E-4AC3-A467-A255F8696E8A}.Release|Any CPU.ActiveCfg = Release|Any CPU
		{71E8E4BD-257E-4AC3-A467-A255F8696E8A}.Release|Any CPU.Build.0 = Release|Any CPU
	EndGlobalSection
	GlobalSection(SolutionProperties) = preSolution
		HideSolutionNode = FALSE
	EndGlobalSection
	GlobalSection(ExtensibilityGlobals) = postSolution
		SolutionGuid = {0B4BA170-4C25-40BD-9920-A9D01576A5DD}
	EndGlobalSection
EndGlobal
